
Microsoft Visual Studio Solution File, Format Version 12.00
# Visual Studio 15
VisualStudioVersion = 15.0.28307.902
MinimumVisualStudioVersion = 10.0.40219.1
Project("{FAE04EC0-301F-11D3-BF4B-00C04F79EFBC}") = "AdventOfCode2019", "AdventOfCode2019.csproj", "{06E39F19-6A8B-4103-8451-5917881C68CE}"
EndProject
Global
	GlobalSection(SolutionConfigurationPlatforms) = preSolution
		Debug|Any CPU = Debug|Any CPU
		Release|Any CPU = Release|Any CPU
	EndGlobalSection
	GlobalSection(ProjectConfigurationPlatforms) = postSolution
		{06E39F19-6A8B-4103-8451-5917881C68CE}.Debug|Any CPU.ActiveCfg = Debug|Any CPU
		{06E39F19-6A8B-4103-8451-5917881C68CE}.Debug|Any CPU.Build.0 = Debug|Any CPU
		{06E39F19-6A8B-4103-8451-5917881C68CE}.Release|Any CPU.ActiveCfg = Release|Any CPU
		{06E39F19-6A8B-4103-8451-5917881C68CE}.Release|Any CPU.Build.0 = Release|Any CPU
	EndGlobalSection
	GlobalSection(SolutionProperties) = preSolution
		HideSolutionNode = FALSE
	EndGlobalSection
	GlobalSection(ExtensibilityGlobals) = postSolution
		SolutionGuid = {28F82BFA-3071-4321-8DDD-1728FA086338}
	EndGlobalSection
EndGlobal
